
Microsoft Visual Studio Solution File, Format Version 12.00
# Visual Studio Version 16
VisualStudioVersion = 16.0.31613.86
MinimumVisualStudioVersion = 10.0.40219.1
Project("{FAE04EC0-301F-11D3-BF4B-00C04F79EFBC}") = "WindowsFormsApp4", "WindowsFormsApp4\WindowsFormsApp4.csproj", "{8CE968EA-5A45-4214-84CF-71237A1D321D}"
EndProject
Global
	GlobalSection(SolutionConfigurationPlatforms) = preSolution
		Debug|Any CPU = Debug|Any CPU
		Release|Any CPU = Release|Any CPU
	EndGlobalSection
	GlobalSection(ProjectConfigurationPlatforms) = postSolution
		{8CE968EA-5A45-4214-84CF-71237A1D321D}.Debug|Any CPU.ActiveCfg = Debug|Any CPU
		{8CE968EA-5A45-4214-84CF-71237A1D321D}.Debug|Any CPU.Build.0 = Debug|Any CPU
		{8CE968EA-5A45-4214-84CF-71237A1D321D}.Release|Any CPU.ActiveCfg = Release|Any CPU
		{8CE968EA-5A45-4214-84CF-71237A1D321D}.Release|Any CPU.Build.0 = Release|Any CPU
	EndGlobalSection
	GlobalSection(SolutionProperties) = preSolution
		HideSolutionNode = FALSE
	EndGlobalSection
	GlobalSection(ExtensibilityGlobals) = postSolution
		SolutionGuid = {B4C75C58-8CEF-463C-A0C2-1E627C7AF2E7}
	EndGlobalSection
EndGlobal
